
Microsoft Visual Studio Solution File, Format Version 12.00
# Visual Studio Version 16
VisualStudioVersion = 16.0.31702.278
MinimumVisualStudioVersion = 10.0.40219.1
Project("{9A19103F-16F7-4668-BE54-9A1E7A4F7556}") = "BusinessLogic", "BusinessLogic\BusinessLogic.csproj", "{9A3FA887-F589-4272-8B59-2108CE6DEB6D}"
EndProject
Project("{9A19103F-16F7-4668-BE54-9A1E7A4F7556}") = "DataAccess", "DataAccess\DataAccess.csproj", "{D3735081-F2A8-4E64-B502-1E149DF504D7}"
EndProject
Project("{FAE04EC0-301F-11D3-BF4B-00C04F79EFBC}") = "CatalogsManager", "CatalogManager\CatalogsManager.csproj", "{4BFA0668-66A8-4129-9E5D-4FAB445CC843}"
EndProject
Global
	GlobalSection(SolutionConfigurationPlatforms) = preSolution
		Debug|Any CPU = Debug|Any CPU
		Release|Any CPU = Release|Any CPU
	EndGlobalSection
	GlobalSection(ProjectConfigurationPlatforms) = postSolution
		{9A3FA887-F589-4272-8B59-2108CE6DEB6D}.Debug|Any CPU.ActiveCfg = Debug|Any CPU
		{9A3FA887-F589-4272-8B59-2108CE6DEB6D}.Debug|Any CPU.Build.0 = Debug|Any CPU
		{9A3FA887-F589-4272-8B59-2108CE6DEB6D}.Release|Any CPU.ActiveCfg = Release|Any CPU
		{9A3FA887-F589-4272-8B59-2108CE6DEB6D}.Release|Any CPU.Build.0 = Release|Any CPU
		{D3735081-F2A8-4E64-B502-1E149DF504D7}.Debug|Any CPU.ActiveCfg = Debug|Any CPU
		{D3735081-F2A8-4E64-B502-1E149DF504D7}.Debug|Any CPU.Build.0 = Debug|Any CPU
		{D3735081-F2A8-4E64-B502-1E149DF504D7}.Release|Any CPU.ActiveCfg = Release|Any CPU
		{D3735081-F2A8-4E64-B502-1E149DF504D7}.Release|Any CPU.Build.0 = Release|Any CPU
		{4BFA0668-66A8-4129-9E5D-4FAB445CC843}.Debug|Any CPU.ActiveCfg = Debug|Any CPU
		{4BFA0668-66A8-4129-9E5D-4FAB445CC843}.Debug|Any CPU.Build.0 = Debug|Any CPU
		{4BFA0668-66A8-4129-9E5D-4FAB445CC843}.Release|Any CPU.ActiveCfg = Release|Any CPU
		{4BFA0668-66A8-4129-9E5D-4FAB445CC843}.Release|Any CPU.Build.0 = Release|Any CPU
	EndGlobalSection
	GlobalSection(SolutionProperties) = preSolution
		HideSolutionNode = FALSE
	EndGlobalSection
	GlobalSection(ExtensibilityGlobals) = postSolution
		SolutionGuid = {B9A6B43B-1C1C-4516-B523-F2DE83B2130F}
	EndGlobalSection
EndGlobal
